<?xml version="1.0" encoding="utf-8"?>
<Project ToolsVersion="4.0" xmlns="http://schemas.microsoft.com/developer/msbuild/2003">
  <ItemGroup>
    <ClCompile Include="src\sp_main.cpp" />
    <ClCompile Include="src\controllers\free_camera_controller.cpp" />
    <ClCompile Include="src\spawner.cpp" />
    <ClCompile Include="src\controllers\player_controller.cpp" />
    <ClCompile Include="src\map\map.cpp" />
  </ItemGroup>
  <ItemGroup>
    <ClInclude Include="src\controllers\free_camera_controller.h" />
    <ClInclude Include="src\spawner.h" />
    <ClInclude Include="src\controllers\player_controller.h" />
    <ClInclude Include="src\spatial_test.h" />
    <ClInclude Include="src\map\map_manager.h" />
    <ClInclude Include="src\map\map.h" />
    <ClInclude Include="src\map\btype.h" />
    <ClInclude Include="src\components.h" />
  </ItemGroup>
  <ItemGroup>
    <None Include="shaders\billboard.frag" />
    <None Include="shaders\billboard.geom" />
    <None Include="shaders\billboard.vert" />
    <None Include="shaders\debug.frag" />
    <None Include="shaders\distortion.vert" />
    <None Include="shaders\debug.vert" />
    <None Include="shaders\phong.frag" />
    <None Include="shaders\phong.vert" />
    <None Include="shaders\triangle.frag" />
    <None Include="shaders\triangle.vert" />
  </ItemGroup>
</Project>